
Microsoft Visual Studio Solution File, Format Version 12.00
# Visual Studio 15
VisualStudioVersion = 15.0.27428.2015
MinimumVisualStudioVersion = 10.0.40219.1
Project("{2150E333-8FDC-42A3-9474-1A3956D46DE8}") = "Chapter - 1", "Chapter - 1", "{80D75EEB-61E6-4DAA-A015-4F4FBDAD5802}"
EndProject
Project("{FAE04EC0-301F-11D3-BF4B-00C04F79EFBC}") = "1-Understanding-Threads", "1-Understanding-Threads\1-Understanding-Threads.csproj", "{99EB8A0D-1EBB-4AB7-9F41-6CD1E8D4C14E}"
EndProject
Project("{FAE04EC0-301F-11D3-BF4B-00C04F79EFBC}") = "2-Using-A-Background-Thread", "2-Using-A-Background-Thread\2-Using-A-Background-Thread.csproj", "{C81651F9-EB66-4E7B-B1B3-3C695DAD6930}"
EndProject
Project("{2150E333-8FDC-42A3-9474-1A3956D46DE8}") = "1-Serialization", "1-Serialization", "{2FEE9F27-6D29-455B-A439-85685F00D62A}"
EndProject
Project("{FAE04EC0-301F-11D3-BF4B-00C04F79EFBC}") = "00_Library", "00_Library\00_Library.csproj", "{B4371A25-D50A-4618-B1D3-9C89CF9C3B28}"
EndProject
Project("{FAE04EC0-301F-11D3-BF4B-00C04F79EFBC}") = "01_SerializeXML", "01_SerializeXML\01_SerializeXML.csproj", "{2EFF002A-D8D0-42C7-9871-A2B96A61CCA6}"
EndProject
Project("{FAE04EC0-301F-11D3-BF4B-00C04F79EFBC}") = "02_DeserializeXML", "02_DeserializeXML\02_DeserializeXML.csproj", "{98D6EDE1-A6CF-421A-8904-876FFC960594}"
EndProject
Project("{FAE04EC0-301F-11D3-BF4B-00C04F79EFBC}") = "03_SerializeJSON", "03_SerializeJSON\03_SerializeJSON.csproj", "{FBFC26EE-0CE8-498D-B53E-EDCF154DFE00}"
EndProject
Project("{FAE04EC0-301F-11D3-BF4B-00C04F79EFBC}") = "04_DeserializeJSON", "04_DeserializeJSON\04_DeserializeJSON.csproj", "{2C4A2119-27CD-4E66-8E3D-BB41B983E7AD}"
EndProject
Project("{2150E333-8FDC-42A3-9474-1A3956D46DE8}") = "2-Advanced Topics", "2-Advanced Topics", "{ED8E5CF0-6C5D-4938-B7D5-50677CD3A908}"
EndProject
Project("{FAE04EC0-301F-11D3-BF4B-00C04F79EFBC}") = "01_Generics", "01_Generics\01_Generics.csproj", "{8BDD9386-D660-4EDA-9EC8-029A8F01844D}"
EndProject
Project("{FAE04EC0-301F-11D3-BF4B-00C04F79EFBC}") = "02_ExtensionMethods", "02_ExtensionMethods\02_ExtensionMethods.csproj", "{8A3A1A36-BB9D-4ED6-9900-3811B5DACA21}"
EndProject
Global
	GlobalSection(SolutionConfigurationPlatforms) = preSolution
		Debug|Any CPU = Debug|Any CPU
		Release|Any CPU = Release|Any CPU
	EndGlobalSection
	GlobalSection(ProjectConfigurationPlatforms) = postSolution
		{99EB8A0D-1EBB-4AB7-9F41-6CD1E8D4C14E}.Debug|Any CPU.ActiveCfg = Debug|Any CPU
		{99EB8A0D-1EBB-4AB7-9F41-6CD1E8D4C14E}.Debug|Any CPU.Build.0 = Debug|Any CPU
		{99EB8A0D-1EBB-4AB7-9F41-6CD1E8D4C14E}.Release|Any CPU.ActiveCfg = Release|Any CPU
		{99EB8A0D-1EBB-4AB7-9F41-6CD1E8D4C14E}.Release|Any CPU.Build.0 = Release|Any CPU
		{C81651F9-EB66-4E7B-B1B3-3C695DAD6930}.Debug|Any CPU.ActiveCfg = Debug|Any CPU
		{C81651F9-EB66-4E7B-B1B3-3C695DAD6930}.Debug|Any CPU.Build.0 = Debug|Any CPU
		{C81651F9-EB66-4E7B-B1B3-3C695DAD6930}.Release|Any CPU.ActiveCfg = Release|Any CPU
		{C81651F9-EB66-4E7B-B1B3-3C695DAD6930}.Release|Any CPU.Build.0 = Release|Any CPU
		{B4371A25-D50A-4618-B1D3-9C89CF9C3B28}.Debug|Any CPU.ActiveCfg = Debug|Any CPU
		{B4371A25-D50A-4618-B1D3-9C89CF9C3B28}.Debug|Any CPU.Build.0 = Debug|Any CPU
		{B4371A25-D50A-4618-B1D3-9C89CF9C3B28}.Release|Any CPU.ActiveCfg = Release|Any CPU
		{B4371A25-D50A-4618-B1D3-9C89CF9C3B28}.Release|Any CPU.Build.0 = Release|Any CPU
		{2EFF002A-D8D0-42C7-9871-A2B96A61CCA6}.Debug|Any CPU.ActiveCfg = Debug|Any CPU
		{2EFF002A-D8D0-42C7-9871-A2B96A61CCA6}.Debug|Any CPU.Build.0 = Debug|Any CPU
		{2EFF002A-D8D0-42C7-9871-A2B96A61CCA6}.Release|Any CPU.ActiveCfg = Release|Any CPU
		{2EFF002A-D8D0-42C7-9871-A2B96A61CCA6}.Release|Any CPU.Build.0 = Release|Any CPU
		{98D6EDE1-A6CF-421A-8904-876FFC960594}.Debug|Any CPU.ActiveCfg = Debug|Any CPU
		{98D6EDE1-A6CF-421A-8904-876FFC960594}.Debug|Any CPU.Build.0 = Debug|Any CPU
		{98D6EDE1-A6CF-421A-8904-876FFC960594}.Release|Any CPU.ActiveCfg = Release|Any CPU
		{98D6EDE1-A6CF-421A-8904-876FFC960594}.Release|Any CPU.Build.0 = Release|Any CPU
		{FBFC26EE-0CE8-498D-B53E-EDCF154DFE00}.Debug|Any CPU.ActiveCfg = Debug|Any CPU
		{FBFC26EE-0CE8-498D-B53E-EDCF154DFE00}.Debug|Any CPU.Build.0 = Debug|Any CPU
		{FBFC26EE-0CE8-498D-B53E-EDCF154DFE00}.Release|Any CPU.ActiveCfg = Release|Any CPU
		{FBFC26EE-0CE8-498D-B53E-EDCF154DFE00}.Release|Any CPU.Build.0 = Release|Any CPU
		{2C4A2119-27CD-4E66-8E3D-BB41B983E7AD}.Debug|Any CPU.ActiveCfg = Debug|Any CPU
		{2C4A2119-27CD-4E66-8E3D-BB41B983E7AD}.Debug|Any CPU.Build.0 = Debug|Any CPU
		{2C4A2119-27CD-4E66-8E3D-BB41B983E7AD}.Release|Any CPU.ActiveCfg = Release|Any CPU
		{2C4A2119-27CD-4E66-8E3D-BB41B983E7AD}.Release|Any CPU.Build.0 = Release|Any CPU
		{8BDD9386-D660-4EDA-9EC8-029A8F01844D}.Debug|Any CPU.ActiveCfg = Debug|Any CPU
		{8BDD9386-D660-4EDA-9EC8-029A8F01844D}.Debug|Any CPU.Build.0 = Debug|Any CPU
		{8BDD9386-D660-4EDA-9EC8-029A8F01844D}.Release|Any CPU.ActiveCfg = Release|Any CPU
		{8BDD9386-D660-4EDA-9EC8-029A8F01844D}.Release|Any CPU.Build.0 = Release|Any CPU
		{8A3A1A36-BB9D-4ED6-9900-3811B5DACA21}.Debug|Any CPU.ActiveCfg = Debug|Any CPU
		{8A3A1A36-BB9D-4ED6-9900-3811B5DACA21}.Debug|Any CPU.Build.0 = Debug|Any CPU
		{8A3A1A36-BB9D-4ED6-9900-3811B5DACA21}.Release|Any CPU.ActiveCfg = Release|Any CPU
		{8A3A1A36-BB9D-4ED6-9900-3811B5DACA21}.Release|Any CPU.Build.0 = Release|Any CPU
	EndGlobalSection
	GlobalSection(SolutionProperties) = preSolution
		HideSolutionNode = FALSE
	EndGlobalSection
	GlobalSection(NestedProjects) = preSolution
		{99EB8A0D-1EBB-4AB7-9F41-6CD1E8D4C14E} = {80D75EEB-61E6-4DAA-A015-4F4FBDAD5802}
		{C81651F9-EB66-4E7B-B1B3-3C695DAD6930} = {80D75EEB-61E6-4DAA-A015-4F4FBDAD5802}
		{B4371A25-D50A-4618-B1D3-9C89CF9C3B28} = {2FEE9F27-6D29-455B-A439-85685F00D62A}
		{2EFF002A-D8D0-42C7-9871-A2B96A61CCA6} = {2FEE9F27-6D29-455B-A439-85685F00D62A}
		{98D6EDE1-A6CF-421A-8904-876FFC960594} = {2FEE9F27-6D29-455B-A439-85685F00D62A}
		{FBFC26EE-0CE8-498D-B53E-EDCF154DFE00} = {2FEE9F27-6D29-455B-A439-85685F00D62A}
		{2C4A2119-27CD-4E66-8E3D-BB41B983E7AD} = {2FEE9F27-6D29-455B-A439-85685F00D62A}
		{8BDD9386-D660-4EDA-9EC8-029A8F01844D} = {ED8E5CF0-6C5D-4938-B7D5-50677CD3A908}
		{8A3A1A36-BB9D-4ED6-9900-3811B5DACA21} = {ED8E5CF0-6C5D-4938-B7D5-50677CD3A908}
	EndGlobalSection
	GlobalSection(ExtensibilityGlobals) = postSolution
		SolutionGuid = {F27D4BEE-01ED-47A6-90A8-CB6367C0A122}
	EndGlobalSection
EndGlobal
