
Microsoft Visual Studio Solution File, Format Version 12.00
# Visual Studio 15
VisualStudioVersion = 15.0.27428.2015
MinimumVisualStudioVersion = 10.0.40219.1
Project("{2150E333-8FDC-42A3-9474-1A3956D46DE8}") = "Book-Chapter - 1", "Book-Chapter - 1", "{80D75EEB-61E6-4DAA-A015-4F4FBDAD5802}"
EndProject
Project("{FAE04EC0-301F-11D3-BF4B-00C04F79EFBC}") = "01_Understanding-Threads", "1-Understanding-Threads\01_Understanding-Threads.csproj", "{99EB8A0D-1EBB-4AB7-9F41-6CD1E8D4C14E}"
EndProject
Project("{FAE04EC0-301F-11D3-BF4B-00C04F79EFBC}") = "02_Using-A-Background-Thread", "2-Using-A-Background-Thread\02_Using-A-Background-Thread.csproj", "{C81651F9-EB66-4E7B-B1B3-3C695DAD6930}"
EndProject
Project("{2150E333-8FDC-42A3-9474-1A3956D46DE8}") = "1-Serialization", "1-Serialization", "{2FEE9F27-6D29-455B-A439-85685F00D62A}"
EndProject
Project("{FAE04EC0-301F-11D3-BF4B-00C04F79EFBC}") = "00_Library", "00_Library\00_Library.csproj", "{B4371A25-D50A-4618-B1D3-9C89CF9C3B28}"
EndProject
Project("{FAE04EC0-301F-11D3-BF4B-00C04F79EFBC}") = "01_SerializeXML", "01_SerializeXML\01_SerializeXML.csproj", "{2EFF002A-D8D0-42C7-9871-A2B96A61CCA6}"
EndProject
Project("{FAE04EC0-301F-11D3-BF4B-00C04F79EFBC}") = "02_DeserializeXML", "02_DeserializeXML\02_DeserializeXML.csproj", "{98D6EDE1-A6CF-421A-8904-876FFC960594}"
EndProject
Project("{FAE04EC0-301F-11D3-BF4B-00C04F79EFBC}") = "03_SerializeJSON", "03_SerializeJSON\03_SerializeJSON.csproj", "{FBFC26EE-0CE8-498D-B53E-EDCF154DFE00}"
EndProject
Project("{FAE04EC0-301F-11D3-BF4B-00C04F79EFBC}") = "04_DeserializeJSON", "04_DeserializeJSON\04_DeserializeJSON.csproj", "{2C4A2119-27CD-4E66-8E3D-BB41B983E7AD}"
EndProject
Project("{2150E333-8FDC-42A3-9474-1A3956D46DE8}") = "2-Advanced Topics", "2-Advanced Topics", "{ED8E5CF0-6C5D-4938-B7D5-50677CD3A908}"
EndProject
Project("{FAE04EC0-301F-11D3-BF4B-00C04F79EFBC}") = "01_Generics", "01_Generics\01_Generics.csproj", "{8BDD9386-D660-4EDA-9EC8-029A8F01844D}"
EndProject
Project("{FAE04EC0-301F-11D3-BF4B-00C04F79EFBC}") = "02_ExtensionMethods", "02_ExtensionMethods\02_ExtensionMethods.csproj", "{8A3A1A36-BB9D-4ED6-9900-3811B5DACA21}"
EndProject
Project("{FAE04EC0-301F-11D3-BF4B-00C04F79EFBC}") = "03_Using-ParameerizedThreadStart", "3-Using-ParameerizedThreadStart\03_Using-ParameerizedThreadStart.csproj", "{31EA28EF-A756-4FB1-8522-F2593029B62F}"
EndProject
Project("{FAE04EC0-301F-11D3-BF4B-00C04F79EFBC}") = "04_Stopping-Thread", "4-Stopping-Thread\04_Stopping-Thread.csproj", "{9513DD29-ECB0-4597-80A8-037D949DFC96}"
EndProject
Project("{FAE04EC0-301F-11D3-BF4B-00C04F79EFBC}") = "05_Using-Thread-Static-Attribute", "5-Using-Thread-Static-Attribute\05_Using-Thread-Static-Attribute.csproj", "{697AC588-D94E-41EE-98A3-E0CEBFEB9646}"
EndProject
Project("{FAE04EC0-301F-11D3-BF4B-00C04F79EFBC}") = "06_Using-Thread-Local", "6-Using-Thread-Local\06_Using-Thread-Local.csproj", "{024FE193-FF81-41CE-B619-DB630BDD0AB8}"
EndProject
Project("{FAE04EC0-301F-11D3-BF4B-00C04F79EFBC}") = "07_Thread-Pool", "7-Thread-Pool\07_Thread-Pool.csproj", "{2A60C7F3-4D22-4FFC-8E77-0AEC58FC7665}"
EndProject
Project("{FAE04EC0-301F-11D3-BF4B-00C04F79EFBC}") = "08_Startig-New-Task", "8-Startig-New-Task\08_Startig-New-Task.csproj", "{7F2CC92C-298F-4D09-8470-E22F812B442F}"
EndProject
Project("{FAE04EC0-301F-11D3-BF4B-00C04F79EFBC}") = "09_Using-Tasks-That-Returns-A-Value", "9-Using-Tasks-That-Returns-A-Value\09_Using-Tasks-That-Returns-A-Value.csproj", "{23779615-E957-4CD8-B913-AEEC46DF2705}"
EndProject
Project("{FAE04EC0-301F-11D3-BF4B-00C04F79EFBC}") = "11_Scheduling-Differen-Continuation-Tasks", "11-Scheduling-Differen-Continuation-Tasks\11_Scheduling-Differen-Continuation-Tasks.csproj", "{A43C0115-21F2-4A33-A27E-F2AF094BBA1D}"
EndProject
Project("{FAE04EC0-301F-11D3-BF4B-00C04F79EFBC}") = "12_Attaching-Child-Tasks-To-A-Parent-Task", "12_Attaching-Child-Tasks-To-A-Parent-Task\12_Attaching-Child-Tasks-To-A-Parent-Task.csproj", "{0F6B0767-D48C-42CB-AE56-01B48BC5EB8F}"
EndProject
Project("{FAE04EC0-301F-11D3-BF4B-00C04F79EFBC}") = "13_Using-A-Task-Factory", "13_Using-A-Task-Factory\13_Using-A-Task-Factory.csproj", "{272A27C9-0ED1-4E59-9607-99DC49A13865}"
EndProject
Project("{FAE04EC0-301F-11D3-BF4B-00C04F79EFBC}") = "14_Using-Task-WaitAll", "14_Using-Task-WaitAll\14_Using-Task-WaitAll.csproj", "{8A08A623-4765-4039-B492-65F73A055AAB}"
EndProject
Project("{FAE04EC0-301F-11D3-BF4B-00C04F79EFBC}") = "15_Using-Task-WaitAny", "15_Using-Task-WaitAny\15_Using-Task-WaitAny.csproj", "{99958D89-D726-4572-A94C-E603B46CD865}"
EndProject
Project("{FAE04EC0-301F-11D3-BF4B-00C04F79EFBC}") = "16_Using-ParallelFor-And-ParallelForeach", "16-Using-ParallelFor-And-ParallelForeach\16_Using-ParallelFor-And-ParallelForeach.csproj", "{8BC1C1B5-69ED-4F3E-937C-AFFA586E86F7}"
EndProject
Project("{FAE04EC0-301F-11D3-BF4B-00C04F79EFBC}") = "17_Using-Parralel-Break", "17_Using-Parralel-Break\17_Using-Parralel-Break.csproj", "{77773B58-1523-4D1E-887D-6CA30D8FD582}"
EndProject
Project("{FAE04EC0-301F-11D3-BF4B-00C04F79EFBC}") = "18_Async-And-Await", "18_Async-And-Await\18_Async-And-Await.csproj", "{B6C2110B-A8A8-4A0D-BC3B-F234C8A0FBD5}"
EndProject
Project("{FAE04EC0-301F-11D3-BF4B-00C04F79EFBC}") = "22_Using-AsParallel", "22_Using-AsParallel\22_Using-AsParallel.csproj", "{7C39ECB5-5D8F-4E5E-A9A1-8817FE498E18}"
EndProject
Project("{FAE04EC0-301F-11D3-BF4B-00C04F79EFBC}") = "24_Ordered-Parallel-Query", "24_Ordered-Parallel-Query\24_Ordered-Parallel-Query.csproj", "{1DB239B2-B480-4119-BF6B-F1C5B77E37F8}"
EndProject
Project("{FAE04EC0-301F-11D3-BF4B-00C04F79EFBC}") = "25_Making-A-Parallel-Query-Sequential", "25_Making-A-Parallel-Query-Sequential\25_Making-A-Parallel-Query-Sequential.csproj", "{F69ECC66-1017-45C5-A64D-55F0B3420742}"
EndProject
Project("{FAE04EC0-301F-11D3-BF4B-00C04F79EFBC}") = "26_Using-ForAll", "26_Using-ForAll\26_Using-ForAll.csproj", "{5AA11BBB-3F5F-42F9-8621-8BE5E195C254}"
EndProject
Project("{FAE04EC0-301F-11D3-BF4B-00C04F79EFBC}") = "27_Catching-AggregateException", "27_Catching-AggregateException\27_Catching-AggregateException.csproj", "{187ACD26-08F2-42BA-909D-C104DBFEC27B}"
EndProject
Project("{FAE04EC0-301F-11D3-BF4B-00C04F79EFBC}") = "28_Using-BlockingCollection", "28_Using-BlockingCollection\28_Using-BlockingCollection.csproj", "{98AF4E02-A519-4543-AF09-A22F82D72F04}"
EndProject
Global
	GlobalSection(SolutionConfigurationPlatforms) = preSolution
		Debug|Any CPU = Debug|Any CPU
		Release|Any CPU = Release|Any CPU
	EndGlobalSection
	GlobalSection(ProjectConfigurationPlatforms) = postSolution
		{99EB8A0D-1EBB-4AB7-9F41-6CD1E8D4C14E}.Debug|Any CPU.ActiveCfg = Debug|Any CPU
		{99EB8A0D-1EBB-4AB7-9F41-6CD1E8D4C14E}.Debug|Any CPU.Build.0 = Debug|Any CPU
		{99EB8A0D-1EBB-4AB7-9F41-6CD1E8D4C14E}.Release|Any CPU.ActiveCfg = Release|Any CPU
		{99EB8A0D-1EBB-4AB7-9F41-6CD1E8D4C14E}.Release|Any CPU.Build.0 = Release|Any CPU
		{C81651F9-EB66-4E7B-B1B3-3C695DAD6930}.Debug|Any CPU.ActiveCfg = Debug|Any CPU
		{C81651F9-EB66-4E7B-B1B3-3C695DAD6930}.Debug|Any CPU.Build.0 = Debug|Any CPU
		{C81651F9-EB66-4E7B-B1B3-3C695DAD6930}.Release|Any CPU.ActiveCfg = Release|Any CPU
		{C81651F9-EB66-4E7B-B1B3-3C695DAD6930}.Release|Any CPU.Build.0 = Release|Any CPU
		{B4371A25-D50A-4618-B1D3-9C89CF9C3B28}.Debug|Any CPU.ActiveCfg = Debug|Any CPU
		{B4371A25-D50A-4618-B1D3-9C89CF9C3B28}.Debug|Any CPU.Build.0 = Debug|Any CPU
		{B4371A25-D50A-4618-B1D3-9C89CF9C3B28}.Release|Any CPU.ActiveCfg = Release|Any CPU
		{B4371A25-D50A-4618-B1D3-9C89CF9C3B28}.Release|Any CPU.Build.0 = Release|Any CPU
		{2EFF002A-D8D0-42C7-9871-A2B96A61CCA6}.Debug|Any CPU.ActiveCfg = Debug|Any CPU
		{2EFF002A-D8D0-42C7-9871-A2B96A61CCA6}.Debug|Any CPU.Build.0 = Debug|Any CPU
		{2EFF002A-D8D0-42C7-9871-A2B96A61CCA6}.Release|Any CPU.ActiveCfg = Release|Any CPU
		{2EFF002A-D8D0-42C7-9871-A2B96A61CCA6}.Release|Any CPU.Build.0 = Release|Any CPU
		{98D6EDE1-A6CF-421A-8904-876FFC960594}.Debug|Any CPU.ActiveCfg = Debug|Any CPU
		{98D6EDE1-A6CF-421A-8904-876FFC960594}.Debug|Any CPU.Build.0 = Debug|Any CPU
		{98D6EDE1-A6CF-421A-8904-876FFC960594}.Release|Any CPU.ActiveCfg = Release|Any CPU
		{98D6EDE1-A6CF-421A-8904-876FFC960594}.Release|Any CPU.Build.0 = Release|Any CPU
		{FBFC26EE-0CE8-498D-B53E-EDCF154DFE00}.Debug|Any CPU.ActiveCfg = Debug|Any CPU
		{FBFC26EE-0CE8-498D-B53E-EDCF154DFE00}.Debug|Any CPU.Build.0 = Debug|Any CPU
		{FBFC26EE-0CE8-498D-B53E-EDCF154DFE00}.Release|Any CPU.ActiveCfg = Release|Any CPU
		{FBFC26EE-0CE8-498D-B53E-EDCF154DFE00}.Release|Any CPU.Build.0 = Release|Any CPU
		{2C4A2119-27CD-4E66-8E3D-BB41B983E7AD}.Debug|Any CPU.ActiveCfg = Debug|Any CPU
		{2C4A2119-27CD-4E66-8E3D-BB41B983E7AD}.Debug|Any CPU.Build.0 = Debug|Any CPU
		{2C4A2119-27CD-4E66-8E3D-BB41B983E7AD}.Release|Any CPU.ActiveCfg = Release|Any CPU
		{2C4A2119-27CD-4E66-8E3D-BB41B983E7AD}.Release|Any CPU.Build.0 = Release|Any CPU
		{8BDD9386-D660-4EDA-9EC8-029A8F01844D}.Debug|Any CPU.ActiveCfg = Debug|Any CPU
		{8BDD9386-D660-4EDA-9EC8-029A8F01844D}.Debug|Any CPU.Build.0 = Debug|Any CPU
		{8BDD9386-D660-4EDA-9EC8-029A8F01844D}.Release|Any CPU.ActiveCfg = Release|Any CPU
		{8BDD9386-D660-4EDA-9EC8-029A8F01844D}.Release|Any CPU.Build.0 = Release|Any CPU
		{8A3A1A36-BB9D-4ED6-9900-3811B5DACA21}.Debug|Any CPU.ActiveCfg = Debug|Any CPU
		{8A3A1A36-BB9D-4ED6-9900-3811B5DACA21}.Debug|Any CPU.Build.0 = Debug|Any CPU
		{8A3A1A36-BB9D-4ED6-9900-3811B5DACA21}.Release|Any CPU.ActiveCfg = Release|Any CPU
		{8A3A1A36-BB9D-4ED6-9900-3811B5DACA21}.Release|Any CPU.Build.0 = Release|Any CPU
		{31EA28EF-A756-4FB1-8522-F2593029B62F}.Debug|Any CPU.ActiveCfg = Debug|Any CPU
		{31EA28EF-A756-4FB1-8522-F2593029B62F}.Debug|Any CPU.Build.0 = Debug|Any CPU
		{31EA28EF-A756-4FB1-8522-F2593029B62F}.Release|Any CPU.ActiveCfg = Release|Any CPU
		{31EA28EF-A756-4FB1-8522-F2593029B62F}.Release|Any CPU.Build.0 = Release|Any CPU
		{9513DD29-ECB0-4597-80A8-037D949DFC96}.Debug|Any CPU.ActiveCfg = Debug|Any CPU
		{9513DD29-ECB0-4597-80A8-037D949DFC96}.Debug|Any CPU.Build.0 = Debug|Any CPU
		{9513DD29-ECB0-4597-80A8-037D949DFC96}.Release|Any CPU.ActiveCfg = Release|Any CPU
		{9513DD29-ECB0-4597-80A8-037D949DFC96}.Release|Any CPU.Build.0 = Release|Any CPU
		{697AC588-D94E-41EE-98A3-E0CEBFEB9646}.Debug|Any CPU.ActiveCfg = Debug|Any CPU
		{697AC588-D94E-41EE-98A3-E0CEBFEB9646}.Debug|Any CPU.Build.0 = Debug|Any CPU
		{697AC588-D94E-41EE-98A3-E0CEBFEB9646}.Release|Any CPU.ActiveCfg = Release|Any CPU
		{697AC588-D94E-41EE-98A3-E0CEBFEB9646}.Release|Any CPU.Build.0 = Release|Any CPU
		{024FE193-FF81-41CE-B619-DB630BDD0AB8}.Debug|Any CPU.ActiveCfg = Debug|Any CPU
		{024FE193-FF81-41CE-B619-DB630BDD0AB8}.Debug|Any CPU.Build.0 = Debug|Any CPU
		{024FE193-FF81-41CE-B619-DB630BDD0AB8}.Release|Any CPU.ActiveCfg = Release|Any CPU
		{024FE193-FF81-41CE-B619-DB630BDD0AB8}.Release|Any CPU.Build.0 = Release|Any CPU
		{2A60C7F3-4D22-4FFC-8E77-0AEC58FC7665}.Debug|Any CPU.ActiveCfg = Debug|Any CPU
		{2A60C7F3-4D22-4FFC-8E77-0AEC58FC7665}.Debug|Any CPU.Build.0 = Debug|Any CPU
		{2A60C7F3-4D22-4FFC-8E77-0AEC58FC7665}.Release|Any CPU.ActiveCfg = Release|Any CPU
		{2A60C7F3-4D22-4FFC-8E77-0AEC58FC7665}.Release|Any CPU.Build.0 = Release|Any CPU
		{7F2CC92C-298F-4D09-8470-E22F812B442F}.Debug|Any CPU.ActiveCfg = Debug|Any CPU
		{7F2CC92C-298F-4D09-8470-E22F812B442F}.Debug|Any CPU.Build.0 = Debug|Any CPU
		{7F2CC92C-298F-4D09-8470-E22F812B442F}.Release|Any CPU.ActiveCfg = Release|Any CPU
		{7F2CC92C-298F-4D09-8470-E22F812B442F}.Release|Any CPU.Build.0 = Release|Any CPU
		{23779615-E957-4CD8-B913-AEEC46DF2705}.Debug|Any CPU.ActiveCfg = Debug|Any CPU
		{23779615-E957-4CD8-B913-AEEC46DF2705}.Debug|Any CPU.Build.0 = Debug|Any CPU
		{23779615-E957-4CD8-B913-AEEC46DF2705}.Release|Any CPU.ActiveCfg = Release|Any CPU
		{23779615-E957-4CD8-B913-AEEC46DF2705}.Release|Any CPU.Build.0 = Release|Any CPU
		{A43C0115-21F2-4A33-A27E-F2AF094BBA1D}.Debug|Any CPU.ActiveCfg = Debug|Any CPU
		{A43C0115-21F2-4A33-A27E-F2AF094BBA1D}.Debug|Any CPU.Build.0 = Debug|Any CPU
		{A43C0115-21F2-4A33-A27E-F2AF094BBA1D}.Release|Any CPU.ActiveCfg = Release|Any CPU
		{A43C0115-21F2-4A33-A27E-F2AF094BBA1D}.Release|Any CPU.Build.0 = Release|Any CPU
		{0F6B0767-D48C-42CB-AE56-01B48BC5EB8F}.Debug|Any CPU.ActiveCfg = Debug|Any CPU
		{0F6B0767-D48C-42CB-AE56-01B48BC5EB8F}.Debug|Any CPU.Build.0 = Debug|Any CPU
		{0F6B0767-D48C-42CB-AE56-01B48BC5EB8F}.Release|Any CPU.ActiveCfg = Release|Any CPU
		{0F6B0767-D48C-42CB-AE56-01B48BC5EB8F}.Release|Any CPU.Build.0 = Release|Any CPU
		{272A27C9-0ED1-4E59-9607-99DC49A13865}.Debug|Any CPU.ActiveCfg = Debug|Any CPU
		{272A27C9-0ED1-4E59-9607-99DC49A13865}.Debug|Any CPU.Build.0 = Debug|Any CPU
		{272A27C9-0ED1-4E59-9607-99DC49A13865}.Release|Any CPU.ActiveCfg = Release|Any CPU
		{272A27C9-0ED1-4E59-9607-99DC49A13865}.Release|Any CPU.Build.0 = Release|Any CPU
		{8A08A623-4765-4039-B492-65F73A055AAB}.Debug|Any CPU.ActiveCfg = Debug|Any CPU
		{8A08A623-4765-4039-B492-65F73A055AAB}.Debug|Any CPU.Build.0 = Debug|Any CPU
		{8A08A623-4765-4039-B492-65F73A055AAB}.Release|Any CPU.ActiveCfg = Release|Any CPU
		{8A08A623-4765-4039-B492-65F73A055AAB}.Release|Any CPU.Build.0 = Release|Any CPU
		{99958D89-D726-4572-A94C-E603B46CD865}.Debug|Any CPU.ActiveCfg = Debug|Any CPU
		{99958D89-D726-4572-A94C-E603B46CD865}.Debug|Any CPU.Build.0 = Debug|Any CPU
		{99958D89-D726-4572-A94C-E603B46CD865}.Release|Any CPU.ActiveCfg = Release|Any CPU
		{99958D89-D726-4572-A94C-E603B46CD865}.Release|Any CPU.Build.0 = Release|Any CPU
		{8BC1C1B5-69ED-4F3E-937C-AFFA586E86F7}.Debug|Any CPU.ActiveCfg = Debug|Any CPU
		{8BC1C1B5-69ED-4F3E-937C-AFFA586E86F7}.Debug|Any CPU.Build.0 = Debug|Any CPU
		{8BC1C1B5-69ED-4F3E-937C-AFFA586E86F7}.Release|Any CPU.ActiveCfg = Release|Any CPU
		{8BC1C1B5-69ED-4F3E-937C-AFFA586E86F7}.Release|Any CPU.Build.0 = Release|Any CPU
		{77773B58-1523-4D1E-887D-6CA30D8FD582}.Debug|Any CPU.ActiveCfg = Debug|Any CPU
		{77773B58-1523-4D1E-887D-6CA30D8FD582}.Debug|Any CPU.Build.0 = Debug|Any CPU
		{77773B58-1523-4D1E-887D-6CA30D8FD582}.Release|Any CPU.ActiveCfg = Release|Any CPU
		{77773B58-1523-4D1E-887D-6CA30D8FD582}.Release|Any CPU.Build.0 = Release|Any CPU
		{B6C2110B-A8A8-4A0D-BC3B-F234C8A0FBD5}.Debug|Any CPU.ActiveCfg = Debug|Any CPU
		{B6C2110B-A8A8-4A0D-BC3B-F234C8A0FBD5}.Debug|Any CPU.Build.0 = Debug|Any CPU
		{B6C2110B-A8A8-4A0D-BC3B-F234C8A0FBD5}.Release|Any CPU.ActiveCfg = Release|Any CPU
		{B6C2110B-A8A8-4A0D-BC3B-F234C8A0FBD5}.Release|Any CPU.Build.0 = Release|Any CPU
		{7C39ECB5-5D8F-4E5E-A9A1-8817FE498E18}.Debug|Any CPU.ActiveCfg = Debug|Any CPU
		{7C39ECB5-5D8F-4E5E-A9A1-8817FE498E18}.Debug|Any CPU.Build.0 = Debug|Any CPU
		{7C39ECB5-5D8F-4E5E-A9A1-8817FE498E18}.Release|Any CPU.ActiveCfg = Release|Any CPU
		{7C39ECB5-5D8F-4E5E-A9A1-8817FE498E18}.Release|Any CPU.Build.0 = Release|Any CPU
		{1DB239B2-B480-4119-BF6B-F1C5B77E37F8}.Debug|Any CPU.ActiveCfg = Debug|Any CPU
		{1DB239B2-B480-4119-BF6B-F1C5B77E37F8}.Debug|Any CPU.Build.0 = Debug|Any CPU
		{1DB239B2-B480-4119-BF6B-F1C5B77E37F8}.Release|Any CPU.ActiveCfg = Release|Any CPU
		{1DB239B2-B480-4119-BF6B-F1C5B77E37F8}.Release|Any CPU.Build.0 = Release|Any CPU
		{F69ECC66-1017-45C5-A64D-55F0B3420742}.Debug|Any CPU.ActiveCfg = Debug|Any CPU
		{F69ECC66-1017-45C5-A64D-55F0B3420742}.Debug|Any CPU.Build.0 = Debug|Any CPU
		{F69ECC66-1017-45C5-A64D-55F0B3420742}.Release|Any CPU.ActiveCfg = Release|Any CPU
		{F69ECC66-1017-45C5-A64D-55F0B3420742}.Release|Any CPU.Build.0 = Release|Any CPU
		{5AA11BBB-3F5F-42F9-8621-8BE5E195C254}.Debug|Any CPU.ActiveCfg = Debug|Any CPU
		{5AA11BBB-3F5F-42F9-8621-8BE5E195C254}.Debug|Any CPU.Build.0 = Debug|Any CPU
		{5AA11BBB-3F5F-42F9-8621-8BE5E195C254}.Release|Any CPU.ActiveCfg = Release|Any CPU
		{5AA11BBB-3F5F-42F9-8621-8BE5E195C254}.Release|Any CPU.Build.0 = Release|Any CPU
		{187ACD26-08F2-42BA-909D-C104DBFEC27B}.Debug|Any CPU.ActiveCfg = Debug|Any CPU
		{187ACD26-08F2-42BA-909D-C104DBFEC27B}.Debug|Any CPU.Build.0 = Debug|Any CPU
		{187ACD26-08F2-42BA-909D-C104DBFEC27B}.Release|Any CPU.ActiveCfg = Release|Any CPU
		{187ACD26-08F2-42BA-909D-C104DBFEC27B}.Release|Any CPU.Build.0 = Release|Any CPU
		{98AF4E02-A519-4543-AF09-A22F82D72F04}.Debug|Any CPU.ActiveCfg = Debug|Any CPU
		{98AF4E02-A519-4543-AF09-A22F82D72F04}.Debug|Any CPU.Build.0 = Debug|Any CPU
		{98AF4E02-A519-4543-AF09-A22F82D72F04}.Release|Any CPU.ActiveCfg = Release|Any CPU
		{98AF4E02-A519-4543-AF09-A22F82D72F04}.Release|Any CPU.Build.0 = Release|Any CPU
	EndGlobalSection
	GlobalSection(SolutionProperties) = preSolution
		HideSolutionNode = FALSE
	EndGlobalSection
	GlobalSection(NestedProjects) = preSolution
		{99EB8A0D-1EBB-4AB7-9F41-6CD1E8D4C14E} = {80D75EEB-61E6-4DAA-A015-4F4FBDAD5802}
		{C81651F9-EB66-4E7B-B1B3-3C695DAD6930} = {80D75EEB-61E6-4DAA-A015-4F4FBDAD5802}
		{B4371A25-D50A-4618-B1D3-9C89CF9C3B28} = {2FEE9F27-6D29-455B-A439-85685F00D62A}
		{2EFF002A-D8D0-42C7-9871-A2B96A61CCA6} = {2FEE9F27-6D29-455B-A439-85685F00D62A}
		{98D6EDE1-A6CF-421A-8904-876FFC960594} = {2FEE9F27-6D29-455B-A439-85685F00D62A}
		{FBFC26EE-0CE8-498D-B53E-EDCF154DFE00} = {2FEE9F27-6D29-455B-A439-85685F00D62A}
		{2C4A2119-27CD-4E66-8E3D-BB41B983E7AD} = {2FEE9F27-6D29-455B-A439-85685F00D62A}
		{8BDD9386-D660-4EDA-9EC8-029A8F01844D} = {ED8E5CF0-6C5D-4938-B7D5-50677CD3A908}
		{8A3A1A36-BB9D-4ED6-9900-3811B5DACA21} = {ED8E5CF0-6C5D-4938-B7D5-50677CD3A908}
		{31EA28EF-A756-4FB1-8522-F2593029B62F} = {80D75EEB-61E6-4DAA-A015-4F4FBDAD5802}
		{9513DD29-ECB0-4597-80A8-037D949DFC96} = {80D75EEB-61E6-4DAA-A015-4F4FBDAD5802}
		{697AC588-D94E-41EE-98A3-E0CEBFEB9646} = {80D75EEB-61E6-4DAA-A015-4F4FBDAD5802}
		{024FE193-FF81-41CE-B619-DB630BDD0AB8} = {80D75EEB-61E6-4DAA-A015-4F4FBDAD5802}
		{2A60C7F3-4D22-4FFC-8E77-0AEC58FC7665} = {80D75EEB-61E6-4DAA-A015-4F4FBDAD5802}
		{7F2CC92C-298F-4D09-8470-E22F812B442F} = {80D75EEB-61E6-4DAA-A015-4F4FBDAD5802}
		{23779615-E957-4CD8-B913-AEEC46DF2705} = {80D75EEB-61E6-4DAA-A015-4F4FBDAD5802}
		{A43C0115-21F2-4A33-A27E-F2AF094BBA1D} = {80D75EEB-61E6-4DAA-A015-4F4FBDAD5802}
		{0F6B0767-D48C-42CB-AE56-01B48BC5EB8F} = {80D75EEB-61E6-4DAA-A015-4F4FBDAD5802}
		{272A27C9-0ED1-4E59-9607-99DC49A13865} = {80D75EEB-61E6-4DAA-A015-4F4FBDAD5802}
		{8A08A623-4765-4039-B492-65F73A055AAB} = {80D75EEB-61E6-4DAA-A015-4F4FBDAD5802}
		{99958D89-D726-4572-A94C-E603B46CD865} = {80D75EEB-61E6-4DAA-A015-4F4FBDAD5802}
		{8BC1C1B5-69ED-4F3E-937C-AFFA586E86F7} = {80D75EEB-61E6-4DAA-A015-4F4FBDAD5802}
		{77773B58-1523-4D1E-887D-6CA30D8FD582} = {80D75EEB-61E6-4DAA-A015-4F4FBDAD5802}
		{B6C2110B-A8A8-4A0D-BC3B-F234C8A0FBD5} = {80D75EEB-61E6-4DAA-A015-4F4FBDAD5802}
		{7C39ECB5-5D8F-4E5E-A9A1-8817FE498E18} = {80D75EEB-61E6-4DAA-A015-4F4FBDAD5802}
		{1DB239B2-B480-4119-BF6B-F1C5B77E37F8} = {80D75EEB-61E6-4DAA-A015-4F4FBDAD5802}
		{F69ECC66-1017-45C5-A64D-55F0B3420742} = {80D75EEB-61E6-4DAA-A015-4F4FBDAD5802}
		{5AA11BBB-3F5F-42F9-8621-8BE5E195C254} = {80D75EEB-61E6-4DAA-A015-4F4FBDAD5802}
		{187ACD26-08F2-42BA-909D-C104DBFEC27B} = {80D75EEB-61E6-4DAA-A015-4F4FBDAD5802}
		{98AF4E02-A519-4543-AF09-A22F82D72F04} = {80D75EEB-61E6-4DAA-A015-4F4FBDAD5802}
	EndGlobalSection
	GlobalSection(ExtensibilityGlobals) = postSolution
		SolutionGuid = {F27D4BEE-01ED-47A6-90A8-CB6367C0A122}
	EndGlobalSection
EndGlobal
